
Microsoft Visual Studio Solution File, Format Version 12.00
# Visual Studio Version 17
VisualStudioVersion = 17.12.35527.113
MinimumVisualStudioVersion = 10.0.40219.1
Project("{FAE04EC0-301F-11D3-BF4B-00C04F79EFBC}") = "MyBusinessViewModels", "001\MyBusinessViewModels\MyBusinessViewModels.csproj", "{C9BC664E-D14C-450F-985D-74FA99EF74DC}"
EndProject
Project("{FAE04EC0-301F-11D3-BF4B-00C04F79EFBC}") = "MyBusinessViewModelsTester", "001\MyBusinessViewModelsTester\MyBusinessViewModelsTester.csproj", "{80080490-7679-45F0-B1CC-25C3DA6A10D9}"
EndProject
Project("{2150E333-8FDC-42A3-9474-1A3956D46DE8}") = "001", "001", "{4EE75B67-5D7E-4473-BA41-0FB44442A9C0}"
EndProject
Project("{2150E333-8FDC-42A3-9474-1A3956D46DE8}") = "002", "002", "{87B458EB-AF93-45C1-9C23-E1074889A57F}"
EndProject
Project("{FAE04EC0-301F-11D3-BF4B-00C04F79EFBC}") = "ApiServer", "002\ApiServer\ApiServer.csproj", "{52FF695E-BBB7-4913-A73F-FA47BC0567C4}"
EndProject
Project("{2150E333-8FDC-42A3-9474-1A3956D46DE8}") = "Éléments de solution", "Éléments de solution", "{8A343434-2DA7-4296-9958-90EB98462696}"
	ProjectSection(SolutionItems) = preProject
		Todo.md = Todo.md
	EndProjectSection
EndProject
Global
	GlobalSection(SolutionConfigurationPlatforms) = preSolution
		Debug|Any CPU = Debug|Any CPU
		Release|Any CPU = Release|Any CPU
	EndGlobalSection
	GlobalSection(ProjectConfigurationPlatforms) = postSolution
		{C9BC664E-D14C-450F-985D-74FA99EF74DC}.Debug|Any CPU.ActiveCfg = Debug|Any CPU
		{C9BC664E-D14C-450F-985D-74FA99EF74DC}.Debug|Any CPU.Build.0 = Debug|Any CPU
		{C9BC664E-D14C-450F-985D-74FA99EF74DC}.Release|Any CPU.ActiveCfg = Release|Any CPU
		{C9BC664E-D14C-450F-985D-74FA99EF74DC}.Release|Any CPU.Build.0 = Release|Any CPU
		{80080490-7679-45F0-B1CC-25C3DA6A10D9}.Debug|Any CPU.ActiveCfg = Debug|Any CPU
		{80080490-7679-45F0-B1CC-25C3DA6A10D9}.Debug|Any CPU.Build.0 = Debug|Any CPU
		{80080490-7679-45F0-B1CC-25C3DA6A10D9}.Release|Any CPU.ActiveCfg = Release|Any CPU
		{80080490-7679-45F0-B1CC-25C3DA6A10D9}.Release|Any CPU.Build.0 = Release|Any CPU
		{52FF695E-BBB7-4913-A73F-FA47BC0567C4}.Debug|Any CPU.ActiveCfg = Debug|Any CPU
		{52FF695E-BBB7-4913-A73F-FA47BC0567C4}.Debug|Any CPU.Build.0 = Debug|Any CPU
		{52FF695E-BBB7-4913-A73F-FA47BC0567C4}.Release|Any CPU.ActiveCfg = Release|Any CPU
		{52FF695E-BBB7-4913-A73F-FA47BC0567C4}.Release|Any CPU.Build.0 = Release|Any CPU
	EndGlobalSection
	GlobalSection(SolutionProperties) = preSolution
		HideSolutionNode = FALSE
	EndGlobalSection
	GlobalSection(NestedProjects) = preSolution
		{C9BC664E-D14C-450F-985D-74FA99EF74DC} = {4EE75B67-5D7E-4473-BA41-0FB44442A9C0}
		{80080490-7679-45F0-B1CC-25C3DA6A10D9} = {4EE75B67-5D7E-4473-BA41-0FB44442A9C0}
		{52FF695E-BBB7-4913-A73F-FA47BC0567C4} = {87B458EB-AF93-45C1-9C23-E1074889A57F}
	EndGlobalSection
EndGlobal
